
Microsoft Visual Studio Solution File, Format Version 12.00
# Visual Studio Version 17
VisualStudioVersion = 17.8.34004.107
MinimumVisualStudioVersion = 10.0.40219.1
Project("{FAE04EC0-301F-11D3-BF4B-00C04F79EFBC}") = "Blazor-Lightweight-Charts", "Blazor-Lightweight-Charts\Blazor-Lightweight-Charts.csproj", "{3343EECA-62DD-4377-A8A3-CF5F392DF719}"
EndProject
Project("{FAE04EC0-301F-11D3-BF4B-00C04F79EFBC}") = "Blazor-Lightweight-Charts.App", "Blazor-Lightweight-Charts.App\Blazor-Lightweight-Charts.App.csproj", "{2CCAA7BB-0108-4799-9DBF-2CE3B19A0038}"
EndProject
Global
	GlobalSection(SolutionConfigurationPlatforms) = preSolution
		Debug|Any CPU = Debug|Any CPU
		Release|Any CPU = Release|Any CPU
	EndGlobalSection
	GlobalSection(ProjectConfigurationPlatforms) = postSolution
		{3343EECA-62DD-4377-A8A3-CF5F392DF719}.Debug|Any CPU.ActiveCfg = Debug|Any CPU
		{3343EECA-62DD-4377-A8A3-CF5F392DF719}.Debug|Any CPU.Build.0 = Debug|Any CPU
		{3343EECA-62DD-4377-A8A3-CF5F392DF719}.Release|Any CPU.ActiveCfg = Release|Any CPU
		{3343EECA-62DD-4377-A8A3-CF5F392DF719}.Release|Any CPU.Build.0 = Release|Any CPU
		{2CCAA7BB-0108-4799-9DBF-2CE3B19A0038}.Debug|Any CPU.ActiveCfg = Debug|Any CPU
		{2CCAA7BB-0108-4799-9DBF-2CE3B19A0038}.Debug|Any CPU.Build.0 = Debug|Any CPU
		{2CCAA7BB-0108-4799-9DBF-2CE3B19A0038}.Release|Any CPU.ActiveCfg = Release|Any CPU
		{2CCAA7BB-0108-4799-9DBF-2CE3B19A0038}.Release|Any CPU.Build.0 = Release|Any CPU
	EndGlobalSection
	GlobalSection(SolutionProperties) = preSolution
		HideSolutionNode = FALSE
	EndGlobalSection
	GlobalSection(ExtensibilityGlobals) = postSolution
		SolutionGuid = {7F773FF1-B7A0-4853-ADB8-06C514F24BD1}
	EndGlobalSection
EndGlobal
